
Microsoft Visual Studio Solution File, Format Version 12.00
# Visual Studio Version 16
VisualStudioVersion = 16.0.31424.327
MinimumVisualStudioVersion = 10.0.40219.1
Project("{FAE04EC0-301F-11D3-BF4B-00C04F79EFBC}") = "project-hq-api", "project-hq-api\project-hq-api.csproj", "{13C829FB-CB12-4735-A976-51242E8ECDD7}"
EndProject
Global
	GlobalSection(SolutionConfigurationPlatforms) = preSolution
		Debug|Any CPU = Debug|Any CPU
		Release|Any CPU = Release|Any CPU
	EndGlobalSection
	GlobalSection(ProjectConfigurationPlatforms) = postSolution
		{13C829FB-CB12-4735-A976-51242E8ECDD7}.Debug|Any CPU.ActiveCfg = Debug|Any CPU
		{13C829FB-CB12-4735-A976-51242E8ECDD7}.Debug|Any CPU.Build.0 = Debug|Any CPU
		{13C829FB-CB12-4735-A976-51242E8ECDD7}.Release|Any CPU.ActiveCfg = Release|Any CPU
		{13C829FB-CB12-4735-A976-51242E8ECDD7}.Release|Any CPU.Build.0 = Release|Any CPU
	EndGlobalSection
	GlobalSection(SolutionProperties) = preSolution
		HideSolutionNode = FALSE
	EndGlobalSection
	GlobalSection(ExtensibilityGlobals) = postSolution
		SolutionGuid = {82000E8F-6597-4841-8642-D124DF6D39AE}
	EndGlobalSection
EndGlobal
